// !$*UTF8*$!
{
	archiveVersion = 1;
	classes = {
	};
	objectVersion = 46;
	objects = {

/* Begin PBXBuildFile section */
		061EBB7115CACCBB00004459 /* UIKit.framework in Frameworks */ = {isa = PBXBuildFile; fileRef = 061EBB7015CACCBB00004459 /* UIKit.framework */; };
		061EBB7315CACCBB00004459 /* Foundation.framework in Frameworks */ = {isa = PBXBuildFile; fileRef = 061EBB7215CACCBB00004459 /* Foundation.framework */; };
		061EBB7515CACCBB00004459 /* CoreGraphics.framework in Frameworks */ = {isa = PBXBuildFile; fileRef = 061EBB7415CACCBB00004459 /* CoreGraphics.framework */; };
		061EBB7B15CACCBB00004459 /* InfoPlist.strings in Resources */ = {isa = PBXBuildFile; fileRef = 061EBB7915CACCBB00004459 /* InfoPlist.strings */; };
		061EBB7D15CACCBB00004459 /* main.m in Sources */ = {isa = PBXBuildFile; fileRef = 061EBB7C15CACCBB00004459 /* main.m */; };
		061EBB8115CACCBB00004459 /* BtPort2AppDelegate.m in Sources */ = {isa = PBXBuildFile; fileRef = 061EBB8015CACCBB00004459 /* BtPort2AppDelegate.m */; };
		061EBB8415CACCBB00004459 /* MainStoryboard.storyboard in Resources */ = {isa = PBXBuildFile; fileRef = 061EBB8215CACCBB00004459 /* MainStoryboard.storyboard */; };
		061EBB8715CACCBB00004459 /* BtPort2ViewController.m in Sources */ = {isa = PBXBuildFile; fileRef = 061EBB8615CACCBB00004459 /* BtPort2ViewController.m */; };
		061EBB8F15CACD6100004459 /* HomeScreen.m in Sources */ = {isa = PBXBuildFile; fileRef = 061EBB8E15CACD6100004459 /* HomeScreen.m */; };
		061EBB9A15CAE60500004459 /* ResultsViewController.m in Sources */ = {isa = PBXBuildFile; fileRef = 061EBB9915CAE60500004459 /* ResultsViewController.m */; };
		061EBB9D15CB2BFE00004459 /* DetailViewController.m in Sources */ = {isa = PBXBuildFile; fileRef = 061EBB9C15CB2BFE00004459 /* DetailViewController.m */; };
/* End PBXBuildFile section */

/* Begin PBXFileReference section */
		061EBB6C15CACCBB00004459 /* BtPort2.app */ = {isa = PBXFileReference; explicitFileType = wrapper.application; includeInIndex = 0; path = BtPort2.app; sourceTree = BUILT_PRODUCTS_DIR; };
		061EBB7015CACCBB00004459 /* UIKit.framework */ = {isa = PBXFileReference; lastKnownFileType = wrapper.framework; name = UIKit.framework; path = System/Library/Frameworks/UIKit.framework; sourceTree = SDKROOT; };
		061EBB7215CACCBB00004459 /* Foundation.framework */ = {isa = PBXFileReference; lastKnownFileType = wrapper.framework; name = Foundation.framework; path = System/Library/Frameworks/Foundation.framework; sourceTree = SDKROOT; };
		061EBB7415CACCBB00004459 /* CoreGraphics.framework */ = {isa = PBXFileReference; lastKnownFileType = wrapper.framework; name = CoreGraphics.framework; path = System/Library/Frameworks/CoreGraphics.framework; sourceTree = SDKROOT; };
		061EBB7815CACCBB00004459 /* BtPort2-Info.plist */ = {isa = PBXFileReference; lastKnownFileType = text.plist.xml; path = "BtPort2-Info.plist"; sourceTree = "<group>"; };
		061EBB7A15CACCBB00004459 /* en */ = {isa = PBXFileReference; lastKnownFileType = text.plist.strings; name = en; path = en.lproj/InfoPlist.strings; sourceTree = "<group>"; };
		061EBB7C15CACCBB00004459 /* main.m */ = {isa = PBXFileReference; lastKnownFileType = sourcecode.c.objc; path = main.m; sourceTree = "<group>"; };
		061EBB7E15CACCBB00004459 /* BtPort2-Prefix.pch */ = {isa = PBXFileReference; lastKnownFileType = sourcecode.c.h; path = "BtPort2-Prefix.pch"; sourceTree = "<group>"; };
		061EBB7F15CACCBB00004459 /* BtPort2AppDelegate.h */ = {isa = PBXFileReference; lastKnownFileType = sourcecode.c.h; path = BtPort2AppDelegate.h; sourceTree = "<group>"; };
		061EBB8015CACCBB00004459 /* BtPort2AppDelegate.m */ = {isa = PBXFileReference; lastKnownFileType = sourcecode.c.objc; path = BtPort2AppDelegate.m; sourceTree = "<group>"; };
		061EBB8315CACCBB00004459 /* en */ = {isa = PBXFileReference; lastKnownFileType = file.storyboard; name = en; path = en.lproj/MainStoryboard.storyboard; sourceTree = "<group>"; };
		061EBB8515CACCBB00004459 /* BtPort2ViewController.h */ = {isa = PBXFileReference; lastKnownFileType = sourcecode.c.h; path = BtPort2ViewController.h; sourceTree = "<group>"; };
		061EBB8615CACCBB00004459 /* BtPort2ViewController.m */ = {isa = PBXFileReference; lastKnownFileType = sourcecode.c.objc; path = BtPort2ViewController.m; sourceTree = "<group>"; };
		061EBB8D15CACD6100004459 /* HomeScreen.h */ = {isa = PBXFileReference; fileEncoding = 4; lastKnownFileType = sourcecode.c.h; name = HomeScreen.h; path = ../HomeScreen.h; sourceTree = "<group>"; };
		061EBB8E15CACD6100004459 /* HomeScreen.m */ = {isa = PBXFileReference; fileEncoding = 4; lastKnownFileType = sourcecode.c.objc; name = HomeScreen.m; path = ../HomeScreen.m; sourceTree = "<group>"; };
		061EBB9815CAE60500004459 /* ResultsViewController.h */ = {isa = PBXFileReference; fileEncoding = 4; lastKnownFileType = sourcecode.c.h; path = ResultsViewController.h; sourceTree = "<group>"; };
		061EBB9915CAE60500004459 /* ResultsViewController.m */ = {isa = PBXFileReference; fileEncoding = 4; lastKnownFileType = sourcecode.c.objc; path = ResultsViewController.m; sourceTree = "<group>"; };
		061EBB9B15CB2BFE00004459 /* DetailViewController.h */ = {isa = PBXFileReference; fileEncoding = 4; lastKnownFileType = sourcecode.c.h; name = DetailViewController.h; path = ../DetailViewController.h; sourceTree = "<group>"; };
		061EBB9C15CB2BFE00004459 /* DetailViewController.m */ = {isa = PBXFileReference; fileEncoding = 4; lastKnownFileType = sourcecode.c.objc; name = DetailViewController.m; path = ../DetailViewController.m; sourceTree = "<group>"; };
/* End PBXFileReference section */

/* Begin PBXFrameworksBuildPhase section */
		061EBB6915CACCBB00004459 /* Frameworks */ = {
			isa = PBXFrameworksBuildPhase;
			buildActionMask = 2147483647;
			files = (
				061EBB7115CACCBB00004459 /* UIKit.framework in Frameworks */,
				061EBB7315CACCBB00004459 /* Foundation.framework in Frameworks */,
				061EBB7515CACCBB00004459 /* CoreGraphics.framework in Frameworks */,
			);
			runOnlyForDeploymentPostprocessing = 0;
		};
/* End PBXFrameworksBuildPhase section */

/* Begin PBXGroup section */
		061EBB6115CACCBB00004459 = {
			isa = PBXGroup;
			children = (
				061EBB7615CACCBB00004459 /* BtPort2 */,
				061EBB6F15CACCBB00004459 /* Frameworks */,
				061EBB6D15CACCBB00004459 /* Products */,
			);
			sourceTree = "<group>";
		};
		061EBB6D15CACCBB00004459 /* Products */ = {
			isa = PBXGroup;
			children = (
				061EBB6C15CACCBB00004459 /* BtPort2.app */,
			);
			name = Products;
			sourceTree = "<group>";
		};
		061EBB6F15CACCBB00004459 /* Frameworks */ = {
			isa = PBXGroup;
			children = (
				061EBB7015CACCBB00004459 /* UIKit.framework */,
				061EBB7215CACCBB00004459 /* Foundation.framework */,
				061EBB7415CACCBB00004459 /* CoreGraphics.framework */,
			);
			name = Frameworks;
			sourceTree = "<group>";
		};
		061EBB7615CACCBB00004459 /* BtPort2 */ = {
			isa = PBXGroup;
			children = (
				061EBB9B15CB2BFE00004459 /* DetailViewController.h */,
				061EBB9C15CB2BFE00004459 /* DetailViewController.m */,
				061EBB8D15CACD6100004459 /* HomeScreen.h */,
				061EBB8E15CACD6100004459 /* HomeScreen.m */,
				061EBB7F15CACCBB00004459 /* BtPort2AppDelegate.h */,
				061EBB8015CACCBB00004459 /* BtPort2AppDelegate.m */,
				061EBB8215CACCBB00004459 /* MainStoryboard.storyboard */,
				061EBB8515CACCBB00004459 /* BtPort2ViewController.h */,
				061EBB8615CACCBB00004459 /* BtPort2ViewController.m */,
				061EBB7715CACCBB00004459 /* Supporting Files */,
				061EBB9815CAE60500004459 /* ResultsViewController.h */,
				061EBB9915CAE60500004459 /* ResultsViewController.m */,
			);
			path = BtPort2;
			sourceTree = "<group>";
		};
		061EBB7715CACCBB00004459 /* Supporting Files */ = {
			isa = PBXGroup;
			children = (
				061EBB7815CACCBB00004459 /* BtPort2-Info.plist */,
				061EBB7915CACCBB00004459 /* InfoPlist.strings */,
				061EBB7C15CACCBB00004459 /* main.m */,
				061EBB7E15CACCBB00004459 /* BtPort2-Prefix.pch */,
			);
			name = "Supporting Files";
			sourceTree = "<group>";
		};
/* End PBXGroup section */

/* Begin PBXNativeTarget section */
		061EBB6B15CACCBB00004459 /* BtPort2 */ = {
			isa = PBXNativeTarget;
			buildConfigurationList = 061EBB8A15CACCBB00004459 /* Build configuration list for PBXNativeTarget "BtPort2" */;
			buildPhases = (
				061EBB6815CACCBB00004459 /* Sources */,
				061EBB6915CACCBB00004459 /* Frameworks */,
				061EBB6A15CACCBB00004459 /* Resources */,
			);
			buildRules = (
			);
			dependencies = (
			);
			name = BtPort2;
			productName = BtPort2;
			productReference = 061EBB6C15CACCBB00004459 /* BtPort2.app */;
			productType = "com.apple.product-type.application";
		};
/* End PBXNativeTarget section */

/* Begin PBXProject section */
		061EBB6315CACCBB00004459 /* Project object */ = {
			isa = PBXProject;
			attributes = {
				CLASSPREFIX = BtPort2;
				LastUpgradeCheck = 0430;
				ORGANIZATIONNAME = Concentric;
			};
			buildConfigurationList = 061EBB6615CACCBB00004459 /* Build configuration list for PBXProject "BtPort2" */;
			compatibilityVersion = "Xcode 3.2";
			developmentRegion = English;
			hasScannedForEncodings = 0;
			knownRegions = (
				en,
			);
			mainGroup = 061EBB6115CACCBB00004459;
			productRefGroup = 061EBB6D15CACCBB00004459 /* Products */;
			projectDirPath = "";
			projectRoot = "";
			targets = (
				061EBB6B15CACCBB00004459 /* BtPort2 */,
			);
		};
/* End PBXProject section */

/* Begin PBXResourcesBuildPhase section */
		061EBB6A15CACCBB00004459 /* Resources */ = {
			isa = PBXResourcesBuildPhase;
			buildActionMask = 2147483647;
			files = (
				061EBB7B15CACCBB00004459 /* InfoPlist.strings in Resources */,
				061EBB8415CACCBB00004459 /* MainStoryboard.storyboard in Resources */,
			);
			runOnlyForDeploymentPostprocessing = 0;
		};
/* End PBXResourcesBuildPhase section */

/* Begin PBXSourcesBuildPhase section */
		061EBB6815CACCBB00004459 /* Sources */ = {
			isa = PBXSourcesBuildPhase;
			buildActionMask = 2147483647;
			files = (
				061EBB7D15CACCBB00004459 /* main.m in Sources */,
				061EBB8115CACCBB00004459 /* BtPort2AppDelegate.m in Sources */,
				061EBB8715CACCBB00004459 /* BtPort2ViewController.m in Sources */,
				061EBB8F15CACD6100004459 /* HomeScreen.m in Sources */,
				061EBB9A15CAE60500004459 /* ResultsViewController.m in Sources */,
				061EBB9D15CB2BFE00004459 /* DetailViewController.m in Sources */,
			);
			runOnlyForDeploymentPostprocessing = 0;
		};
/* End PBXSourcesBuildPhase section */

/* Begin PBXVariantGroup section */
		061EBB7915CACCBB00004459 /* InfoPlist.strings */ = {
			isa = PBXVariantGroup;
			children = (
				061EBB7A15CACCBB00004459 /* en */,
			);
			name = InfoPlist.strings;
			sourceTree = "<group>";
		};
		061EBB8215CACCBB00004459 /* MainStoryboard.storyboard */ = {
			isa = PBXVariantGroup;
			children = (
				061EBB8315CACCBB00004459 /* en */,
			);
			name = MainStoryboard.storyboard;
			sourceTree = "<group>";
		};
/* End PBXVariantGroup section */

/* Begin XCBuildConfiguration section */
		061EBB8815CACCBB00004459 /* Debug */ = {
			isa = XCBuildConfiguration;
			buildSettings = {
				ALWAYS_SEARCH_USER_PATHS = NO;
				ARCHS = "$(ARCHS_STANDARD_32_BIT)";
				CLANG_ENABLE_OBJC_ARC = YES;
				"CODE_SIGN_IDENTITY[sdk=iphoneos*]" = "iPhone Developer";
				COPY_PHASE_STRIP = NO;
				GCC_C_LANGUAGE_STANDARD = gnu99;
				GCC_DYNAMIC_NO_PIC = NO;
				GCC_OPTIMIZATION_LEVEL = 0;
				GCC_PREPROCESSOR_DEFINITIONS = (
					"DEBUG=1",
					"$(inherited)",
				);
				GCC_SYMBOLS_PRIVATE_EXTERN = NO;
				GCC_VERSION = com.apple.compilers.llvm.clang.1_0;
				GCC_WARN_ABOUT_RETURN_TYPE = YES;
				GCC_WARN_UNINITIALIZED_AUTOS = YES;
				GCC_WARN_UNUSED_VARIABLE = YES;
				IPHONEOS_DEPLOYMENT_TARGET = 5.1;
				SDKROOT = iphoneos;
			};
			name = Debug;
		};
		061EBB8915CACCBB00004459 /* Release */ = {
			isa = XCBuildConfiguration;
			buildSettings = {
				ALWAYS_SEARCH_USER_PATHS = NO;
				ARCHS = "$(ARCHS_STANDARD_32_BIT)";
				CLANG_ENABLE_OBJC_ARC = YES;
				"CODE_SIGN_IDENTITY[sdk=iphoneos*]" = "iPhone Developer";
				COPY_PHASE_STRIP = YES;
				GCC_C_LANGUAGE_STANDARD = gnu99;
				GCC_VERSION = com.apple.compilers.llvm.clang.1_0;
				GCC_WARN_ABOUT_RETURN_TYPE = YES;
				GCC_WARN_UNINITIALIZED_AUTOS = YES;
				GCC_WARN_UNUSED_VARIABLE = YES;
				IPHONEOS_DEPLOYMENT_TARGET = 5.1;
				OTHER_CFLAGS = "-DNS_BLOCK_ASSERTIONS=1";
				SDKROOT = iphoneos;
				VALIDATE_PRODUCT = YES;
			};
			name = Release;
		};
		061EBB8B15CACCBB00004459 /* Debug */ = {
			isa = XCBuildConfiguration;
			buildSettings = {
				GCC_PRECOMPILE_PREFIX_HEADER = YES;
				GCC_PREFIX_HEADER = "BtPort2/BtPort2-Prefix.pch";
				INFOPLIST_FILE = "BtPort2/BtPort2-Info.plist";
				PRODUCT_NAME = "$(TARGET_NAME)";
				WRAPPER_EXTENSION = app;
			};
			name = Debug;
		};
		061EBB8C15CACCBB00004459 /* Release */ = {
			isa = XCBuildConfiguration;
			buildSettings = {
				GCC_PRECOMPILE_PREFIX_HEADER = YES;
				GCC_PREFIX_HEADER = "BtPort2/BtPort2-Prefix.pch";
				INFOPLIST_FILE = "BtPort2/BtPort2-Info.plist";
				PRODUCT_NAME = "$(TARGET_NAME)";
				WRAPPER_EXTENSION = app;
			};
			name = Release;
		};
/* End XCBuildConfiguration section */

/* Begin XCConfigurationList section */
		061EBB6615CACCBB00004459 /* Build configuration list for PBXProject "BtPort2" */ = {
			isa = XCConfigurationList;
			buildConfigurations = (
				061EBB8815CACCBB00004459 /* Debug */,
				061EBB8915CACCBB00004459 /* Release */,
			);
			defaultConfigurationIsVisible = 0;
			defaultConfigurationName = Release;
		};
		061EBB8A15CACCBB00004459 /* Build configuration list for PBXNativeTarget "BtPort2" */ = {
			isa = XCConfigurationList;
			buildConfigurations = (
				061EBB8B15CACCBB00004459 /* Debug */,
				061EBB8C15CACCBB00004459 /* Release */,
			);
			defaultConfigurationIsVisible = 0;
		};
/* End XCConfigurationList section */
	};
	rootObject = 061EBB6315CACCBB00004459 /* Project object */;
}
